
Microsoft Visual Studio Solution File, Format Version 12.00
# Visual Studio Version 16
VisualStudioVersion = 25.0.1705.4
MinimumVisualStudioVersion = 10.0.40219.1
Project("{FAE04EC0-301F-11D3-BF4B-00C04F79EFBC}") = "SelectionStatementsExercise2", "SelectionStatementsExercise2.csproj", "{FF4B0781-304C-4457-B1A7-F79C04150310}"
EndProject
Global
	GlobalSection(SolutionConfigurationPlatforms) = preSolution
		Debug|Any CPU = Debug|Any CPU
		Release|Any CPU = Release|Any CPU
	EndGlobalSection
	GlobalSection(ProjectConfigurationPlatforms) = postSolution
		{FF4B0781-304C-4457-B1A7-F79C04150310}.Debug|Any CPU.ActiveCfg = Debug|Any CPU
		{FF4B0781-304C-4457-B1A7-F79C04150310}.Debug|Any CPU.Build.0 = Debug|Any CPU
		{FF4B0781-304C-4457-B1A7-F79C04150310}.Release|Any CPU.ActiveCfg = Release|Any CPU
		{FF4B0781-304C-4457-B1A7-F79C04150310}.Release|Any CPU.Build.0 = Release|Any CPU
	EndGlobalSection
	GlobalSection(SolutionProperties) = preSolution
		HideSolutionNode = FALSE
	EndGlobalSection
	GlobalSection(ExtensibilityGlobals) = postSolution
		SolutionGuid = {384DD19B-0D9C-406B-86ED-1A4727292225}
	EndGlobalSection
EndGlobal
